
Microsoft Visual Studio Solution File, Format Version 12.00
# Visual Studio Version 17
VisualStudioVersion = 17.0.31903.59
MinimumVisualStudioVersion = 10.0.40219.1
Project("{FAE04EC0-301F-11D3-BF4B-00C04F79EFBC}") = "TarazoMahak", "TarazoMahak.csproj", "{DAB803C9-4BE1-43B3-8302-03C089C7F247}"
EndProject
Global
	GlobalSection(SolutionConfigurationPlatforms) = preSolution
		Debug|Any CPU = Debug|Any CPU
		Release|Any CPU = Release|Any CPU
	EndGlobalSection
	GlobalSection(ProjectConfigurationPlatforms) = postSolution
		{DAB803C9-4BE1-43B3-8302-03C089C7F247}.Debug|Any CPU.ActiveCfg = Debug|Any CPU
		{DAB803C9-4BE1-43B3-8302-03C089C7F247}.Debug|Any CPU.Build.0 = Debug|Any CPU
		{DAB803C9-4BE1-43B3-8302-03C089C7F247}.Release|Any CPU.ActiveCfg = Release|Any CPU
		{DAB803C9-4BE1-43B3-8302-03C089C7F247}.Release|Any CPU.Build.0 = Release|Any CPU
	EndGlobalSection
	GlobalSection(SolutionProperties) = preSolution
		HideSolutionNode = FALSE
	EndGlobalSection
	GlobalSection(ExtensibilityGlobals) = postSolution
		SolutionGuid = {FA069F8C-9C2F-45D2-8A4C-F84B04ED7404}
	EndGlobalSection
EndGlobal
